{
  "version": 4,
  "terraform_version": "1.12.2",
  "serial": 42,
  "lineage": "4cf7b583-5427-30ab-f546-a1565830d300",
  "outputs": {
    "all_user_names": {
      "value": [
        {
          "Steven2": {
            "arn": "arn:aws:iam::014498662750:user/Steven2",
            "force_destroy": false,
            "id": "Steven2",
            "name": "Steven2",
            "path": "/",
            "permissions_boundary": "",
            "tags": {
              "CreatedBy": "terraform",
              "Department": "admin",
              "ManagedBy": "IT",
              "Role": "admin"
            },
            "tags_all": {
              "CreatedBy": "terraform",
              "Department": "admin",
              "ManagedBy": "IT",
              "Role": "admin"
            },
            "unique_id": "AIDAQGYBQBFPHP5GA7L5Q"
          },
          "Trump2": {
            "arn": "arn:aws:iam::014498662750:user/Trump2",
            "force_destroy": false,
            "id": "Trump2",
            "name": "Trump2",
            "path": "/",
            "permissions_boundary": "",
            "tags": {
              "CreatedBy": "terraform",
              "Department": "dev",
              "ManagedBy": "IT",
              "Role": "dev"
            },
            "tags_all": {
              "CreatedBy": "terraform",
              "Department": "dev",
              "ManagedBy": "IT",
              "Role": "dev"
            },
            "unique_id": "AIDAQGYBQBFPP4DXGSH3P"
          }
        }
      ],
      "type": [
        "tuple",
        [
          [
            "object",
            {
              "Steven2": [
                "object",
                {
                  "arn": "string",
                  "force_destroy": "bool",
                  "id": "string",
                  "name": "string",
                  "path": "string",
                  "permissions_boundary": "string",
                  "tags": [
                    "map",
                    "string"
                  ],
                  "tags_all": [
                    "map",
                    "string"
                  ],
                  "unique_id": "string"
                }
              ],
              "Trump2": [
                "object",
                {
                  "arn": "string",
                  "force_destroy": "bool",
                  "id": "string",
                  "name": "string",
                  "path": "string",
                  "permissions_boundary": "string",
                  "tags": [
                    "map",
                    "string"
                  ],
                  "tags_all": [
                    "map",
                    "string"
                  ],
                  "unique_id": "string"
                }
              ]
            }
          ]
        ]
      ]
    }
  },
  "resources": [
    {
      "module": "module.create_users",
      "mode": "managed",
      "type": "aws_iam_user",
      "name": "example",
      "provider": "provider[\"registry.terraform.io/hashicorp/aws\"]",
      "instances": [
        {
          "index_key": "Steven2",
          "schema_version": 0,
          "attributes": {
            "arn": "arn:aws:iam::014498662750:user/Steven2",
            "force_destroy": false,
            "id": "Steven2",
            "name": "Steven2",
            "path": "/",
            "permissions_boundary": "",
            "tags": {
              "CreatedBy": "terraform",
              "Department": "admin",
              "ManagedBy": "IT",
              "Role": "admin"
            },
            "tags_all": {
              "CreatedBy": "terraform",
              "Department": "admin",
              "ManagedBy": "IT",
              "Role": "admin"
            },
            "unique_id": "AIDAQGYBQBFPHP5GA7L5Q"
          },
          "sensitive_attributes": [],
          "identity_schema_version": 0,
          "private": "bnVsbA=="
        },
        {
          "index_key": "Trump2",
          "schema_version": 0,
          "attributes": {
            "arn": "arn:aws:iam::014498662750:user/Trump2",
            "force_destroy": false,
            "id": "Trump2",
            "name": "Trump2",
            "path": "/",
            "permissions_boundary": "",
            "tags": {
              "CreatedBy": "terraform",
              "Department": "dev",
              "ManagedBy": "IT",
              "Role": "dev"
            },
            "tags_all": {
              "CreatedBy": "terraform",
              "Department": "dev",
              "ManagedBy": "IT",
              "Role": "dev"
            },
            "unique_id": "AIDAQGYBQBFPP4DXGSH3P"
          },
          "sensitive_attributes": [],
          "identity_schema_version": 0,
          "private": "bnVsbA=="
        }
      ]
    }
  ],
  "check_results": null
}
